
Microsoft Visual Studio Solution File, Format Version 12.00
# Visual Studio Version 16
VisualStudioVersion = 16.0.808.6
MinimumVisualStudioVersion = 10.0.40219.1
Project("{FAE04EC0-301F-11D3-BF4B-00C04F79EFBC}") = "MyWebApi", "MyWebApi.csproj", "{208B010A-D6AA-49DD-A5EC-102B49A9F270}"
EndProject
Global
	GlobalSection(SolutionConfigurationPlatforms) = preSolution
		Debug|Any CPU = Debug|Any CPU
		Release|Any CPU = Release|Any CPU
	EndGlobalSection
	GlobalSection(ProjectConfigurationPlatforms) = postSolution
		{208B010A-D6AA-49DD-A5EC-102B49A9F270}.Debug|Any CPU.ActiveCfg = Debug|Any CPU
		{208B010A-D6AA-49DD-A5EC-102B49A9F270}.Debug|Any CPU.Build.0 = Debug|Any CPU
		{208B010A-D6AA-49DD-A5EC-102B49A9F270}.Release|Any CPU.ActiveCfg = Release|Any CPU
		{208B010A-D6AA-49DD-A5EC-102B49A9F270}.Release|Any CPU.Build.0 = Release|Any CPU
	EndGlobalSection
	GlobalSection(SolutionProperties) = preSolution
		HideSolutionNode = FALSE
	EndGlobalSection
	GlobalSection(ExtensibilityGlobals) = postSolution
		SolutionGuid = {795A3115-B512-47B8-A57F-6A30ECFBB77C}
	EndGlobalSection
EndGlobal
